
Microsoft Visual Studio Solution File, Format Version 12.00
# Visual Studio Version 17
VisualStudioVersion = 17.14.36429.23
MinimumVisualStudioVersion = 10.0.40219.1
Project("{FAE04EC0-301F-11D3-BF4B-00C04F79EFBC}") = "TechStore.Products.Api", "TechStore.Products.Api\TechStore.Products.Api.csproj", "{3C77B4C1-2469-449C-A42F-1626AAA298EF}"
EndProject
Project("{FAE04EC0-301F-11D3-BF4B-00C04F79EFBC}") = "TechStore.Monitoring.Functions", "TechStore.Monitoring.Functions\TechStore.Monitoring.Functions.csproj", "{88AA1D8F-6C6C-42BC-9EB6-7D64209089EE}"
EndProject
Global
	GlobalSection(SolutionConfigurationPlatforms) = preSolution
		Debug|Any CPU = Debug|Any CPU
		Release|Any CPU = Release|Any CPU
	EndGlobalSection
	GlobalSection(ProjectConfigurationPlatforms) = postSolution
		{3C77B4C1-2469-449C-A42F-1626AAA298EF}.Debug|Any CPU.ActiveCfg = Debug|Any CPU
		{3C77B4C1-2469-449C-A42F-1626AAA298EF}.Debug|Any CPU.Build.0 = Debug|Any CPU
		{3C77B4C1-2469-449C-A42F-1626AAA298EF}.Release|Any CPU.ActiveCfg = Release|Any CPU
		{3C77B4C1-2469-449C-A42F-1626AAA298EF}.Release|Any CPU.Build.0 = Release|Any CPU
		{88AA1D8F-6C6C-42BC-9EB6-7D64209089EE}.Debug|Any CPU.ActiveCfg = Debug|Any CPU
		{88AA1D8F-6C6C-42BC-9EB6-7D64209089EE}.Debug|Any CPU.Build.0 = Debug|Any CPU
		{88AA1D8F-6C6C-42BC-9EB6-7D64209089EE}.Release|Any CPU.ActiveCfg = Release|Any CPU
		{88AA1D8F-6C6C-42BC-9EB6-7D64209089EE}.Release|Any CPU.Build.0 = Release|Any CPU
	EndGlobalSection
	GlobalSection(SolutionProperties) = preSolution
		HideSolutionNode = FALSE
	EndGlobalSection
	GlobalSection(ExtensibilityGlobals) = postSolution
		SolutionGuid = {6FA385BD-020F-4412-A971-8680EE45004D}
	EndGlobalSection
EndGlobal
